
Microsoft Visual Studio Solution File, Format Version 12.00
# Visual Studio Version 17
VisualStudioVersion = 17.1.32210.238
MinimumVisualStudioVersion = 10.0.40219.1
Project("{FAE04EC0-301F-11D3-BF4B-00C04F79EFBC}") = "homework", "homework\homework.csproj", "{67081E80-C168-4E83-8E0C-098481EC0316}"
EndProject
Project("{FAE04EC0-301F-11D3-BF4B-00C04F79EFBC}") = "Ex08_statement3", "Ex08_statement3\Ex08_statement3.csproj", "{E32789B1-6CA3-48F2-9305-D030E4141874}"
EndProject
Project("{FAE04EC0-301F-11D3-BF4B-00C04F79EFBC}") = "Ex12_class", "Ex12_class\Ex12_class.csproj", "{4274DEA1-6B37-4A09-BAE9-DD1AF6CF8091}"
EndProject
Project("{FAE04EC0-301F-11D3-BF4B-00C04F79EFBC}") = "Ex13_static", "Ex13_static\Ex13_static.csproj", "{FAC6EBF9-7756-43B3-B681-9F80E79C0ECE}"
EndProject
Project("{FAE04EC0-301F-11D3-BF4B-00C04F79EFBC}") = "Ex14_static", "Ex14_static\Ex14_static.csproj", "{0DA30650-190F-4ABD-99B1-326B5EE9268F}"
EndProject
Project("{FAE04EC0-301F-11D3-BF4B-00C04F79EFBC}") = "Ex15_static_scope", "Ex15_static_scope\Ex15_static_scope.csproj", "{B3BC2AB0-7DDB-495C-BCC4-42EA191F7BB4}"
EndProject
Project("{FAE04EC0-301F-11D3-BF4B-00C04F79EFBC}") = "Ex16_constructor", "Ex16_constructor\Ex16_constructor.csproj", "{48E26B4F-12FA-42D5-9D73-048A4494409D}"
EndProject
Project("{FAE04EC0-301F-11D3-BF4B-00C04F79EFBC}") = "Ex17_constructor_static", "Ex17_constructor_static\Ex17_constructor_static.csproj", "{4F1F85E8-FCB1-44C1-B187-483E20AEAF4E}"
EndProject
Project("{FAE04EC0-301F-11D3-BF4B-00C04F79EFBC}") = "Ex18_const_readonly", "Ex18_const_readonly\Ex18_const_readonly.csproj", "{C5DA1089-34A6-4AE3-BB20-ADC0C15B89D8}"
EndProject
Project("{FAE04EC0-301F-11D3-BF4B-00C04F79EFBC}") = "Ex19_CallByVal_CallByRef", "Ex19_CallByVal_CallByRef\Ex19_CallByVal_CallByRef.csproj", "{D0604C3B-E3E6-4BA1-9A3C-8307172F16A0}"
EndProject
Project("{911E67C6-3D85-4FCE-B560-20A9C3E3FF48}") = "Ex01_basic", "Ex01_basic\bin\Debug\Ex01_basic.exe", "{6BD5C7A5-B84A-4371-BD66-8FD98ED39A1A}"
	ProjectSection(DebuggerProjectSystem) = preProject
		PortSupplier = 00000000-0000-0000-0000-000000000000
		Executable = D:\ecount\labs\homework\Ex01_basic\bin\Debug\Ex01_basic.exe
		RemoteMachine = DESKTOP-DD3FU43
		StartingDirectory = D:\ecount\labs\homework\Ex01_basic\bin\Debug
		Environment = 기본값
		LaunchingEngine = 00000000-0000-0000-0000-000000000000
		UseLegacyDebugEngines = No
		LaunchSQLEngine = No
		AttachLaunchAction = No
		IORedirection = Auto
	EndProjectSection
EndProject
Project("{FAE04EC0-301F-11D3-BF4B-00C04F79EFBC}") = "Ex20_Array", "Ex20_Array\Ex20_Array.csproj", "{A587C319-3290-46AA-B0CE-D4CB648F0EDC}"
EndProject
Project("{FAE04EC0-301F-11D3-BF4B-00C04F79EFBC}") = "Ex21_Object_Arr", "Ex21_Object_Arr\Ex21_Object_Arr.csproj", "{F9A62653-A74E-4370-8E56-E1C0FE627D8B}"
EndProject
Project("{FAE04EC0-301F-11D3-BF4B-00C04F79EFBC}") = "Ex22_Array_Quiz", "Ex22_Array_Quiz\Ex22_Array_Quiz.csproj", "{4D30D662-D665-43A7-87C3-39739B40E277}"
EndProject
Project("{FAE04EC0-301F-11D3-BF4B-00C04F79EFBC}") = "Lotto", "Lotto\Lotto.csproj", "{6016DA44-C595-4813-8F79-F1FF3900290F}"
EndProject
Project("{FAE04EC0-301F-11D3-BF4B-00C04F79EFBC}") = "Ex23_Array_Cinema", "Ex23_Array_Cinema\Ex23_Array_Cinema.csproj", "{4F40C086-FDF2-4406-A253-D641DBACFCE3}"
EndProject
Project("{FAE04EC0-301F-11D3-BF4B-00C04F79EFBC}") = "Cinema", "Cinema\Cinema.csproj", "{5D1CE879-0031-44E0-924F-5CB7223CF888}"
EndProject
Project("{FAE04EC0-301F-11D3-BF4B-00C04F79EFBC}") = "Ex24_Array_Param", "Ex24_Array_Param\Ex24_Array_Param.csproj", "{C39107C0-BF40-42EB-8F03-68DA94E1AF78}"
EndProject
Global
	GlobalSection(SolutionConfigurationPlatforms) = preSolution
		Debug|Any CPU = Debug|Any CPU
		Debug|x86 = Debug|x86
		Release|Any CPU = Release|Any CPU
		Release|x86 = Release|x86
	EndGlobalSection
	GlobalSection(ProjectConfigurationPlatforms) = postSolution
		{67081E80-C168-4E83-8E0C-098481EC0316}.Debug|Any CPU.ActiveCfg = Debug|Any CPU
		{67081E80-C168-4E83-8E0C-098481EC0316}.Debug|Any CPU.Build.0 = Debug|Any CPU
		{67081E80-C168-4E83-8E0C-098481EC0316}.Debug|x86.ActiveCfg = Debug|Any CPU
		{67081E80-C168-4E83-8E0C-098481EC0316}.Debug|x86.Build.0 = Debug|Any CPU
		{67081E80-C168-4E83-8E0C-098481EC0316}.Release|Any CPU.ActiveCfg = Release|Any CPU
		{67081E80-C168-4E83-8E0C-098481EC0316}.Release|Any CPU.Build.0 = Release|Any CPU
		{67081E80-C168-4E83-8E0C-098481EC0316}.Release|x86.ActiveCfg = Release|Any CPU
		{67081E80-C168-4E83-8E0C-098481EC0316}.Release|x86.Build.0 = Release|Any CPU
		{E32789B1-6CA3-48F2-9305-D030E4141874}.Debug|Any CPU.ActiveCfg = Debug|Any CPU
		{E32789B1-6CA3-48F2-9305-D030E4141874}.Debug|Any CPU.Build.0 = Debug|Any CPU
		{E32789B1-6CA3-48F2-9305-D030E4141874}.Debug|x86.ActiveCfg = Debug|Any CPU
		{E32789B1-6CA3-48F2-9305-D030E4141874}.Debug|x86.Build.0 = Debug|Any CPU
		{E32789B1-6CA3-48F2-9305-D030E4141874}.Release|Any CPU.ActiveCfg = Release|Any CPU
		{E32789B1-6CA3-48F2-9305-D030E4141874}.Release|Any CPU.Build.0 = Release|Any CPU
		{E32789B1-6CA3-48F2-9305-D030E4141874}.Release|x86.ActiveCfg = Release|Any CPU
		{E32789B1-6CA3-48F2-9305-D030E4141874}.Release|x86.Build.0 = Release|Any CPU
		{4274DEA1-6B37-4A09-BAE9-DD1AF6CF8091}.Debug|Any CPU.ActiveCfg = Debug|Any CPU
		{4274DEA1-6B37-4A09-BAE9-DD1AF6CF8091}.Debug|Any CPU.Build.0 = Debug|Any CPU
		{4274DEA1-6B37-4A09-BAE9-DD1AF6CF8091}.Debug|x86.ActiveCfg = Debug|Any CPU
		{4274DEA1-6B37-4A09-BAE9-DD1AF6CF8091}.Debug|x86.Build.0 = Debug|Any CPU
		{4274DEA1-6B37-4A09-BAE9-DD1AF6CF8091}.Release|Any CPU.ActiveCfg = Release|Any CPU
		{4274DEA1-6B37-4A09-BAE9-DD1AF6CF8091}.Release|Any CPU.Build.0 = Release|Any CPU
		{4274DEA1-6B37-4A09-BAE9-DD1AF6CF8091}.Release|x86.ActiveCfg = Release|Any CPU
		{4274DEA1-6B37-4A09-BAE9-DD1AF6CF8091}.Release|x86.Build.0 = Release|Any CPU
		{FAC6EBF9-7756-43B3-B681-9F80E79C0ECE}.Debug|Any CPU.ActiveCfg = Debug|Any CPU
		{FAC6EBF9-7756-43B3-B681-9F80E79C0ECE}.Debug|Any CPU.Build.0 = Debug|Any CPU
		{FAC6EBF9-7756-43B3-B681-9F80E79C0ECE}.Debug|x86.ActiveCfg = Debug|Any CPU
		{FAC6EBF9-7756-43B3-B681-9F80E79C0ECE}.Debug|x86.Build.0 = Debug|Any CPU
		{FAC6EBF9-7756-43B3-B681-9F80E79C0ECE}.Release|Any CPU.ActiveCfg = Release|Any CPU
		{FAC6EBF9-7756-43B3-B681-9F80E79C0ECE}.Release|Any CPU.Build.0 = Release|Any CPU
		{FAC6EBF9-7756-43B3-B681-9F80E79C0ECE}.Release|x86.ActiveCfg = Release|Any CPU
		{FAC6EBF9-7756-43B3-B681-9F80E79C0ECE}.Release|x86.Build.0 = Release|Any CPU
		{0DA30650-190F-4ABD-99B1-326B5EE9268F}.Debug|Any CPU.ActiveCfg = Debug|Any CPU
		{0DA30650-190F-4ABD-99B1-326B5EE9268F}.Debug|Any CPU.Build.0 = Debug|Any CPU
		{0DA30650-190F-4ABD-99B1-326B5EE9268F}.Debug|x86.ActiveCfg = Debug|Any CPU
		{0DA30650-190F-4ABD-99B1-326B5EE9268F}.Debug|x86.Build.0 = Debug|Any CPU
		{0DA30650-190F-4ABD-99B1-326B5EE9268F}.Release|Any CPU.ActiveCfg = Release|Any CPU
		{0DA30650-190F-4ABD-99B1-326B5EE9268F}.Release|Any CPU.Build.0 = Release|Any CPU
		{0DA30650-190F-4ABD-99B1-326B5EE9268F}.Release|x86.ActiveCfg = Release|Any CPU
		{0DA30650-190F-4ABD-99B1-326B5EE9268F}.Release|x86.Build.0 = Release|Any CPU
		{B3BC2AB0-7DDB-495C-BCC4-42EA191F7BB4}.Debug|Any CPU.ActiveCfg = Debug|Any CPU
		{B3BC2AB0-7DDB-495C-BCC4-42EA191F7BB4}.Debug|Any CPU.Build.0 = Debug|Any CPU
		{B3BC2AB0-7DDB-495C-BCC4-42EA191F7BB4}.Debug|x86.ActiveCfg = Debug|Any CPU
		{B3BC2AB0-7DDB-495C-BCC4-42EA191F7BB4}.Debug|x86.Build.0 = Debug|Any CPU
		{B3BC2AB0-7DDB-495C-BCC4-42EA191F7BB4}.Release|Any CPU.ActiveCfg = Release|Any CPU
		{B3BC2AB0-7DDB-495C-BCC4-42EA191F7BB4}.Release|Any CPU.Build.0 = Release|Any CPU
		{B3BC2AB0-7DDB-495C-BCC4-42EA191F7BB4}.Release|x86.ActiveCfg = Release|Any CPU
		{B3BC2AB0-7DDB-495C-BCC4-42EA191F7BB4}.Release|x86.Build.0 = Release|Any CPU
		{48E26B4F-12FA-42D5-9D73-048A4494409D}.Debug|Any CPU.ActiveCfg = Debug|Any CPU
		{48E26B4F-12FA-42D5-9D73-048A4494409D}.Debug|Any CPU.Build.0 = Debug|Any CPU
		{48E26B4F-12FA-42D5-9D73-048A4494409D}.Debug|x86.ActiveCfg = Debug|Any CPU
		{48E26B4F-12FA-42D5-9D73-048A4494409D}.Debug|x86.Build.0 = Debug|Any CPU
		{48E26B4F-12FA-42D5-9D73-048A4494409D}.Release|Any CPU.ActiveCfg = Release|Any CPU
		{48E26B4F-12FA-42D5-9D73-048A4494409D}.Release|Any CPU.Build.0 = Release|Any CPU
		{48E26B4F-12FA-42D5-9D73-048A4494409D}.Release|x86.ActiveCfg = Release|Any CPU
		{48E26B4F-12FA-42D5-9D73-048A4494409D}.Release|x86.Build.0 = Release|Any CPU
		{4F1F85E8-FCB1-44C1-B187-483E20AEAF4E}.Debug|Any CPU.ActiveCfg = Debug|Any CPU
		{4F1F85E8-FCB1-44C1-B187-483E20AEAF4E}.Debug|Any CPU.Build.0 = Debug|Any CPU
		{4F1F85E8-FCB1-44C1-B187-483E20AEAF4E}.Debug|x86.ActiveCfg = Debug|Any CPU
		{4F1F85E8-FCB1-44C1-B187-483E20AEAF4E}.Debug|x86.Build.0 = Debug|Any CPU
		{4F1F85E8-FCB1-44C1-B187-483E20AEAF4E}.Release|Any CPU.ActiveCfg = Release|Any CPU
		{4F1F85E8-FCB1-44C1-B187-483E20AEAF4E}.Release|Any CPU.Build.0 = Release|Any CPU
		{4F1F85E8-FCB1-44C1-B187-483E20AEAF4E}.Release|x86.ActiveCfg = Release|Any CPU
		{4F1F85E8-FCB1-44C1-B187-483E20AEAF4E}.Release|x86.Build.0 = Release|Any CPU
		{C5DA1089-34A6-4AE3-BB20-ADC0C15B89D8}.Debug|Any CPU.ActiveCfg = Debug|Any CPU
		{C5DA1089-34A6-4AE3-BB20-ADC0C15B89D8}.Debug|Any CPU.Build.0 = Debug|Any CPU
		{C5DA1089-34A6-4AE3-BB20-ADC0C15B89D8}.Debug|x86.ActiveCfg = Debug|Any CPU
		{C5DA1089-34A6-4AE3-BB20-ADC0C15B89D8}.Debug|x86.Build.0 = Debug|Any CPU
		{C5DA1089-34A6-4AE3-BB20-ADC0C15B89D8}.Release|Any CPU.ActiveCfg = Release|Any CPU
		{C5DA1089-34A6-4AE3-BB20-ADC0C15B89D8}.Release|Any CPU.Build.0 = Release|Any CPU
		{C5DA1089-34A6-4AE3-BB20-ADC0C15B89D8}.Release|x86.ActiveCfg = Release|Any CPU
		{C5DA1089-34A6-4AE3-BB20-ADC0C15B89D8}.Release|x86.Build.0 = Release|Any CPU
		{D0604C3B-E3E6-4BA1-9A3C-8307172F16A0}.Debug|Any CPU.ActiveCfg = Debug|Any CPU
		{D0604C3B-E3E6-4BA1-9A3C-8307172F16A0}.Debug|Any CPU.Build.0 = Debug|Any CPU
		{D0604C3B-E3E6-4BA1-9A3C-8307172F16A0}.Debug|x86.ActiveCfg = Debug|Any CPU
		{D0604C3B-E3E6-4BA1-9A3C-8307172F16A0}.Debug|x86.Build.0 = Debug|Any CPU
		{D0604C3B-E3E6-4BA1-9A3C-8307172F16A0}.Release|Any CPU.ActiveCfg = Release|Any CPU
		{D0604C3B-E3E6-4BA1-9A3C-8307172F16A0}.Release|Any CPU.Build.0 = Release|Any CPU
		{D0604C3B-E3E6-4BA1-9A3C-8307172F16A0}.Release|x86.ActiveCfg = Release|Any CPU
		{D0604C3B-E3E6-4BA1-9A3C-8307172F16A0}.Release|x86.Build.0 = Release|Any CPU
		{6BD5C7A5-B84A-4371-BD66-8FD98ED39A1A}.Debug|Any CPU.ActiveCfg = Release|x86
		{6BD5C7A5-B84A-4371-BD66-8FD98ED39A1A}.Debug|x86.ActiveCfg = Release|x86
		{6BD5C7A5-B84A-4371-BD66-8FD98ED39A1A}.Release|Any CPU.ActiveCfg = Release|x86
		{6BD5C7A5-B84A-4371-BD66-8FD98ED39A1A}.Release|x86.ActiveCfg = Release|x86
		{A587C319-3290-46AA-B0CE-D4CB648F0EDC}.Debug|Any CPU.ActiveCfg = Debug|Any CPU
		{A587C319-3290-46AA-B0CE-D4CB648F0EDC}.Debug|Any CPU.Build.0 = Debug|Any CPU
		{A587C319-3290-46AA-B0CE-D4CB648F0EDC}.Debug|x86.ActiveCfg = Debug|Any CPU
		{A587C319-3290-46AA-B0CE-D4CB648F0EDC}.Debug|x86.Build.0 = Debug|Any CPU
		{A587C319-3290-46AA-B0CE-D4CB648F0EDC}.Release|Any CPU.ActiveCfg = Release|Any CPU
		{A587C319-3290-46AA-B0CE-D4CB648F0EDC}.Release|Any CPU.Build.0 = Release|Any CPU
		{A587C319-3290-46AA-B0CE-D4CB648F0EDC}.Release|x86.ActiveCfg = Release|Any CPU
		{A587C319-3290-46AA-B0CE-D4CB648F0EDC}.Release|x86.Build.0 = Release|Any CPU
		{F9A62653-A74E-4370-8E56-E1C0FE627D8B}.Debug|Any CPU.ActiveCfg = Debug|Any CPU
		{F9A62653-A74E-4370-8E56-E1C0FE627D8B}.Debug|Any CPU.Build.0 = Debug|Any CPU
		{F9A62653-A74E-4370-8E56-E1C0FE627D8B}.Debug|x86.ActiveCfg = Debug|Any CPU
		{F9A62653-A74E-4370-8E56-E1C0FE627D8B}.Debug|x86.Build.0 = Debug|Any CPU
		{F9A62653-A74E-4370-8E56-E1C0FE627D8B}.Release|Any CPU.ActiveCfg = Release|Any CPU
		{F9A62653-A74E-4370-8E56-E1C0FE627D8B}.Release|Any CPU.Build.0 = Release|Any CPU
		{F9A62653-A74E-4370-8E56-E1C0FE627D8B}.Release|x86.ActiveCfg = Release|Any CPU
		{F9A62653-A74E-4370-8E56-E1C0FE627D8B}.Release|x86.Build.0 = Release|Any CPU
		{4D30D662-D665-43A7-87C3-39739B40E277}.Debug|Any CPU.ActiveCfg = Debug|Any CPU
		{4D30D662-D665-43A7-87C3-39739B40E277}.Debug|Any CPU.Build.0 = Debug|Any CPU
		{4D30D662-D665-43A7-87C3-39739B40E277}.Debug|x86.ActiveCfg = Debug|Any CPU
		{4D30D662-D665-43A7-87C3-39739B40E277}.Debug|x86.Build.0 = Debug|Any CPU
		{4D30D662-D665-43A7-87C3-39739B40E277}.Release|Any CPU.ActiveCfg = Release|Any CPU
		{4D30D662-D665-43A7-87C3-39739B40E277}.Release|Any CPU.Build.0 = Release|Any CPU
		{4D30D662-D665-43A7-87C3-39739B40E277}.Release|x86.ActiveCfg = Release|Any CPU
		{4D30D662-D665-43A7-87C3-39739B40E277}.Release|x86.Build.0 = Release|Any CPU
		{6016DA44-C595-4813-8F79-F1FF3900290F}.Debug|Any CPU.ActiveCfg = Debug|Any CPU
		{6016DA44-C595-4813-8F79-F1FF3900290F}.Debug|Any CPU.Build.0 = Debug|Any CPU
		{6016DA44-C595-4813-8F79-F1FF3900290F}.Debug|x86.ActiveCfg = Debug|Any CPU
		{6016DA44-C595-4813-8F79-F1FF3900290F}.Debug|x86.Build.0 = Debug|Any CPU
		{6016DA44-C595-4813-8F79-F1FF3900290F}.Release|Any CPU.ActiveCfg = Release|Any CPU
		{6016DA44-C595-4813-8F79-F1FF3900290F}.Release|Any CPU.Build.0 = Release|Any CPU
		{6016DA44-C595-4813-8F79-F1FF3900290F}.Release|x86.ActiveCfg = Release|Any CPU
		{6016DA44-C595-4813-8F79-F1FF3900290F}.Release|x86.Build.0 = Release|Any CPU
		{4F40C086-FDF2-4406-A253-D641DBACFCE3}.Debug|Any CPU.ActiveCfg = Debug|Any CPU
		{4F40C086-FDF2-4406-A253-D641DBACFCE3}.Debug|Any CPU.Build.0 = Debug|Any CPU
		{4F40C086-FDF2-4406-A253-D641DBACFCE3}.Debug|x86.ActiveCfg = Debug|Any CPU
		{4F40C086-FDF2-4406-A253-D641DBACFCE3}.Debug|x86.Build.0 = Debug|Any CPU
		{4F40C086-FDF2-4406-A253-D641DBACFCE3}.Release|Any CPU.ActiveCfg = Release|Any CPU
		{4F40C086-FDF2-4406-A253-D641DBACFCE3}.Release|Any CPU.Build.0 = Release|Any CPU
		{4F40C086-FDF2-4406-A253-D641DBACFCE3}.Release|x86.ActiveCfg = Release|Any CPU
		{4F40C086-FDF2-4406-A253-D641DBACFCE3}.Release|x86.Build.0 = Release|Any CPU
		{5D1CE879-0031-44E0-924F-5CB7223CF888}.Debug|Any CPU.ActiveCfg = Debug|Any CPU
		{5D1CE879-0031-44E0-924F-5CB7223CF888}.Debug|Any CPU.Build.0 = Debug|Any CPU
		{5D1CE879-0031-44E0-924F-5CB7223CF888}.Debug|x86.ActiveCfg = Debug|Any CPU
		{5D1CE879-0031-44E0-924F-5CB7223CF888}.Debug|x86.Build.0 = Debug|Any CPU
		{5D1CE879-0031-44E0-924F-5CB7223CF888}.Release|Any CPU.ActiveCfg = Release|Any CPU
		{5D1CE879-0031-44E0-924F-5CB7223CF888}.Release|Any CPU.Build.0 = Release|Any CPU
		{5D1CE879-0031-44E0-924F-5CB7223CF888}.Release|x86.ActiveCfg = Release|Any CPU
		{5D1CE879-0031-44E0-924F-5CB7223CF888}.Release|x86.Build.0 = Release|Any CPU
		{C39107C0-BF40-42EB-8F03-68DA94E1AF78}.Debug|Any CPU.ActiveCfg = Debug|Any CPU
		{C39107C0-BF40-42EB-8F03-68DA94E1AF78}.Debug|Any CPU.Build.0 = Debug|Any CPU
		{C39107C0-BF40-42EB-8F03-68DA94E1AF78}.Debug|x86.ActiveCfg = Debug|Any CPU
		{C39107C0-BF40-42EB-8F03-68DA94E1AF78}.Debug|x86.Build.0 = Debug|Any CPU
		{C39107C0-BF40-42EB-8F03-68DA94E1AF78}.Release|Any CPU.ActiveCfg = Release|Any CPU
		{C39107C0-BF40-42EB-8F03-68DA94E1AF78}.Release|Any CPU.Build.0 = Release|Any CPU
		{C39107C0-BF40-42EB-8F03-68DA94E1AF78}.Release|x86.ActiveCfg = Release|Any CPU
		{C39107C0-BF40-42EB-8F03-68DA94E1AF78}.Release|x86.Build.0 = Release|Any CPU
	EndGlobalSection
	GlobalSection(SolutionProperties) = preSolution
		HideSolutionNode = FALSE
	EndGlobalSection
	GlobalSection(ExtensibilityGlobals) = postSolution
		SolutionGuid = {F218E918-01A9-4CA3-98F3-432DA7269D00}
	EndGlobalSection
EndGlobal
